// !$*UTF8*$!
{
	archiveVersion = 1;
	classes = {
	};
	objectVersion = 50;
	objects = {

/* Begin PBXBuildFile section */
		39C6C14B27DCC86500CFD5CD /* Contact+CoreDataClass.swift in Sources */ = {isa = PBXBuildFile; fileRef = 39C6C14927DCC86500CFD5CD /* Contact+CoreDataClass.swift */; };
		39C6C14C27DCC86500CFD5CD /* Contact+CoreDataProperties.swift in Sources */ = {isa = PBXBuildFile; fileRef = 39C6C14A27DCC86500CFD5CD /* Contact+CoreDataProperties.swift */; };
		39C6C14E27DCD74100CFD5CD /* EditViewController.swift in Sources */ = {isa = PBXBuildFile; fileRef = 39C6C14D27DCD74100CFD5CD /* EditViewController.swift */; };
		39DE9E4527DA8F9E0067C94A /* Model.xcdatamodeld in Sources */ = {isa = PBXBuildFile; fileRef = 39DE9E4327DA8F9E0067C94A /* Model.xcdatamodeld */; };
		39DE9E4727DA91110067C94A /* CoreDataManager.swift in Sources */ = {isa = PBXBuildFile; fileRef = 39DE9E4627DA91110067C94A /* CoreDataManager.swift */; };
		39DE9E5127DA979A0067C94A /* DetailViewController.swift in Sources */ = {isa = PBXBuildFile; fileRef = 39DE9E5027DA979A0067C94A /* DetailViewController.swift */; };
		39DE9E5327DA9BC90067C94A /* AddViewController.swift in Sources */ = {isa = PBXBuildFile; fileRef = 39DE9E5227DA9BC90067C94A /* AddViewController.swift */; };
		39DE9E5527DAA8390067C94A /* TableViewCell.swift in Sources */ = {isa = PBXBuildFile; fileRef = 39DE9E5427DAA8390067C94A /* TableViewCell.swift */; };
		A2B9485E278EE1B10099A526 /* AppDelegate.swift in Sources */ = {isa = PBXBuildFile; fileRef = A2B9485D278EE1B10099A526 /* AppDelegate.swift */; };
		A2B94860278EE1B10099A526 /* SceneDelegate.swift in Sources */ = {isa = PBXBuildFile; fileRef = A2B9485F278EE1B10099A526 /* SceneDelegate.swift */; };
		A2B94862278EE1B10099A526 /* ViewController.swift in Sources */ = {isa = PBXBuildFile; fileRef = A2B94861278EE1B10099A526 /* ViewController.swift */; };
		A2B94865278EE1B10099A526 /* Main.storyboard in Resources */ = {isa = PBXBuildFile; fileRef = A2B94863278EE1B10099A526 /* Main.storyboard */; };
		A2B94867278EE1B10099A526 /* Assets.xcassets in Resources */ = {isa = PBXBuildFile; fileRef = A2B94866278EE1B10099A526 /* Assets.xcassets */; };
		A2B9486A278EE1B10099A526 /* LaunchScreen.storyboard in Resources */ = {isa = PBXBuildFile; fileRef = A2B94868278EE1B10099A526 /* LaunchScreen.storyboard */; };
/* End PBXBuildFile section */

/* Begin PBXFileReference section */
		39C6C14927DCC86500CFD5CD /* Contact+CoreDataClass.swift */ = {isa = PBXFileReference; lastKnownFileType = sourcecode.swift; path = "Contact+CoreDataClass.swift"; sourceTree = "<group>"; };
		39C6C14A27DCC86500CFD5CD /* Contact+CoreDataProperties.swift */ = {isa = PBXFileReference; lastKnownFileType = sourcecode.swift; path = "Contact+CoreDataProperties.swift"; sourceTree = "<group>"; };
		39C6C14D27DCD74100CFD5CD /* EditViewController.swift */ = {isa = PBXFileReference; lastKnownFileType = sourcecode.swift; path = EditViewController.swift; sourceTree = "<group>"; };
		39DE9E4427DA8F9E0067C94A /* Model.xcdatamodel */ = {isa = PBXFileReference; lastKnownFileType = wrapper.xcdatamodel; path = Model.xcdatamodel; sourceTree = "<group>"; };
		39DE9E4627DA91110067C94A /* CoreDataManager.swift */ = {isa = PBXFileReference; lastKnownFileType = sourcecode.swift; path = CoreDataManager.swift; sourceTree = "<group>"; };
		39DE9E5027DA979A0067C94A /* DetailViewController.swift */ = {isa = PBXFileReference; lastKnownFileType = sourcecode.swift; path = DetailViewController.swift; sourceTree = "<group>"; };
		39DE9E5227DA9BC90067C94A /* AddViewController.swift */ = {isa = PBXFileReference; lastKnownFileType = sourcecode.swift; path = AddViewController.swift; sourceTree = "<group>"; };
		39DE9E5427DAA8390067C94A /* TableViewCell.swift */ = {isa = PBXFileReference; lastKnownFileType = sourcecode.swift; path = TableViewCell.swift; sourceTree = "<group>"; };
		A2B9485A278EE1B10099A526 /* App2.app */ = {isa = PBXFileReference; explicitFileType = wrapper.application; includeInIndex = 0; path = App2.app; sourceTree = BUILT_PRODUCTS_DIR; };
		A2B9485D278EE1B10099A526 /* AppDelegate.swift */ = {isa = PBXFileReference; lastKnownFileType = sourcecode.swift; path = AppDelegate.swift; sourceTree = "<group>"; };
		A2B9485F278EE1B10099A526 /* SceneDelegate.swift */ = {isa = PBXFileReference; lastKnownFileType = sourcecode.swift; path = SceneDelegate.swift; sourceTree = "<group>"; };
		A2B94861278EE1B10099A526 /* ViewController.swift */ = {isa = PBXFileReference; lastKnownFileType = sourcecode.swift; path = ViewController.swift; sourceTree = "<group>"; };
		A2B94864278EE1B10099A526 /* Base */ = {isa = PBXFileReference; lastKnownFileType = file.storyboard; name = Base; path = Base.lproj/Main.storyboard; sourceTree = "<group>"; };
		A2B94866278EE1B10099A526 /* Assets.xcassets */ = {isa = PBXFileReference; lastKnownFileType = folder.assetcatalog; path = Assets.xcassets; sourceTree = "<group>"; };
		A2B94869278EE1B10099A526 /* Base */ = {isa = PBXFileReference; lastKnownFileType = file.storyboard; name = Base; path = Base.lproj/LaunchScreen.storyboard; sourceTree = "<group>"; };
		A2B9486B278EE1B10099A526 /* Info.plist */ = {isa = PBXFileReference; lastKnownFileType = text.plist.xml; path = Info.plist; sourceTree = "<group>"; };
/* End PBXFileReference section */

/* Begin PBXFrameworksBuildPhase section */
		A2B94857278EE1B10099A526 /* Frameworks */ = {
			isa = PBXFrameworksBuildPhase;
			buildActionMask = 2147483647;
			files = (
			);
			runOnlyForDeploymentPostprocessing = 0;
		};
/* End PBXFrameworksBuildPhase section */

/* Begin PBXGroup section */
		A2B94851278EE1B00099A526 = {
			isa = PBXGroup;
			children = (
				A2B9485C278EE1B10099A526 /* App2 */,
				A2B9485B278EE1B10099A526 /* Products */,
			);
			sourceTree = "<group>";
		};
		A2B9485B278EE1B10099A526 /* Products */ = {
			isa = PBXGroup;
			children = (
				A2B9485A278EE1B10099A526 /* App2.app */,
			);
			name = Products;
			sourceTree = "<group>";
		};
		A2B9485C278EE1B10099A526 /* App2 */ = {
			isa = PBXGroup;
			children = (
				39C6C14927DCC86500CFD5CD /* Contact+CoreDataClass.swift */,
				39C6C14A27DCC86500CFD5CD /* Contact+CoreDataProperties.swift */,
				39DE9E5027DA979A0067C94A /* DetailViewController.swift */,
				A2B9485D278EE1B10099A526 /* AppDelegate.swift */,
				A2B9485F278EE1B10099A526 /* SceneDelegate.swift */,
				A2B94861278EE1B10099A526 /* ViewController.swift */,
				A2B94863278EE1B10099A526 /* Main.storyboard */,
				A2B94866278EE1B10099A526 /* Assets.xcassets */,
				A2B94868278EE1B10099A526 /* LaunchScreen.storyboard */,
				A2B9486B278EE1B10099A526 /* Info.plist */,
				39DE9E4327DA8F9E0067C94A /* Model.xcdatamodeld */,
				39DE9E4627DA91110067C94A /* CoreDataManager.swift */,
				39DE9E5227DA9BC90067C94A /* AddViewController.swift */,
				39DE9E5427DAA8390067C94A /* TableViewCell.swift */,
				39C6C14D27DCD74100CFD5CD /* EditViewController.swift */,
			);
			path = App2;
			sourceTree = "<group>";
		};
/* End PBXGroup section */

/* Begin PBXNativeTarget section */
		A2B94859278EE1B10099A526 /* App2 */ = {
			isa = PBXNativeTarget;
			buildConfigurationList = A2B9486E278EE1B20099A526 /* Build configuration list for PBXNativeTarget "App2" */;
			buildPhases = (
				A2B94856278EE1B10099A526 /* Sources */,
				A2B94857278EE1B10099A526 /* Frameworks */,
				A2B94858278EE1B10099A526 /* Resources */,
			);
			buildRules = (
			);
			dependencies = (
			);
			name = App2;
			productName = App2;
			productReference = A2B9485A278EE1B10099A526 /* App2.app */;
			productType = "com.apple.product-type.application";
		};
/* End PBXNativeTarget section */

/* Begin PBXProject section */
		A2B94852278EE1B00099A526 /* Project object */ = {
			isa = PBXProject;
			attributes = {
				LastSwiftUpdateCheck = 1240;
				LastUpgradeCheck = 1240;
				TargetAttributes = {
					A2B94859278EE1B10099A526 = {
						CreatedOnToolsVersion = 12.4;
					};
				};
			};
			buildConfigurationList = A2B94855278EE1B00099A526 /* Build configuration list for PBXProject "App2" */;
			compatibilityVersion = "Xcode 9.3";
			developmentRegion = en;
			hasScannedForEncodings = 0;
			knownRegions = (
				en,
				Base,
			);
			mainGroup = A2B94851278EE1B00099A526;
			productRefGroup = A2B9485B278EE1B10099A526 /* Products */;
			projectDirPath = "";
			projectRoot = "";
			targets = (
				A2B94859278EE1B10099A526 /* App2 */,
			);
		};
/* End PBXProject section */

/* Begin PBXResourcesBuildPhase section */
		A2B94858278EE1B10099A526 /* Resources */ = {
			isa = PBXResourcesBuildPhase;
			buildActionMask = 2147483647;
			files = (
				A2B9486A278EE1B10099A526 /* LaunchScreen.storyboard in Resources */,
				A2B94867278EE1B10099A526 /* Assets.xcassets in Resources */,
				A2B94865278EE1B10099A526 /* Main.storyboard in Resources */,
			);
			runOnlyForDeploymentPostprocessing = 0;
		};
/* End PBXResourcesBuildPhase section */

/* Begin PBXSourcesBuildPhase section */
		A2B94856278EE1B10099A526 /* Sources */ = {
			isa = PBXSourcesBuildPhase;
			buildActionMask = 2147483647;
			files = (
				39DE9E5327DA9BC90067C94A /* AddViewController.swift in Sources */,
				39DE9E5127DA979A0067C94A /* DetailViewController.swift in Sources */,
				39DE9E4727DA91110067C94A /* CoreDataManager.swift in Sources */,
				A2B94862278EE1B10099A526 /* ViewController.swift in Sources */,
				39C6C14B27DCC86500CFD5CD /* Contact+CoreDataClass.swift in Sources */,
				A2B9485E278EE1B10099A526 /* AppDelegate.swift in Sources */,
				39C6C14C27DCC86500CFD5CD /* Contact+CoreDataProperties.swift in Sources */,
				39DE9E5527DAA8390067C94A /* TableViewCell.swift in Sources */,
				39DE9E4527DA8F9E0067C94A /* Model.xcdatamodeld in Sources */,
				39C6C14E27DCD74100CFD5CD /* EditViewController.swift in Sources */,
				A2B94860278EE1B10099A526 /* SceneDelegate.swift in Sources */,
			);
			runOnlyForDeploymentPostprocessing = 0;
		};
/* End PBXSourcesBuildPhase section */

/* Begin PBXVariantGroup section */
		A2B94863278EE1B10099A526 /* Main.storyboard */ = {
			isa = PBXVariantGroup;
			children = (
				A2B94864278EE1B10099A526 /* Base */,
			);
			name = Main.storyboard;
			sourceTree = "<group>";
		};
		A2B94868278EE1B10099A526 /* LaunchScreen.storyboard */ = {
			isa = PBXVariantGroup;
			children = (
				A2B94869278EE1B10099A526 /* Base */,
			);
			name = LaunchScreen.storyboard;
			sourceTree = "<group>";
		};
/* End PBXVariantGroup section */

/* Begin XCBuildConfiguration section */
		A2B9486C278EE1B20099A526 /* Debug */ = {
			isa = XCBuildConfiguration;
			buildSettings = {
				ALWAYS_SEARCH_USER_PATHS = NO;
				CLANG_ANALYZER_NONNULL = YES;
				CLANG_ANALYZER_NUMBER_OBJECT_CONVERSION = YES_AGGRESSIVE;
				CLANG_CXX_LANGUAGE_STANDARD = "gnu++14";
				CLANG_CXX_LIBRARY = "libc++";
				CLANG_ENABLE_MODULES = YES;
				CLANG_ENABLE_OBJC_ARC = YES;
				CLANG_ENABLE_OBJC_WEAK = YES;
				CLANG_WARN_BLOCK_CAPTURE_AUTORELEASING = YES;
				CLANG_WARN_BOOL_CONVERSION = YES;
				CLANG_WARN_COMMA = YES;
				CLANG_WARN_CONSTANT_CONVERSION = YES;
				CLANG_WARN_DEPRECATED_OBJC_IMPLEMENTATIONS = YES;
				CLANG_WARN_DIRECT_OBJC_ISA_USAGE = YES_ERROR;
				CLANG_WARN_DOCUMENTATION_COMMENTS = YES;
				CLANG_WARN_EMPTY_BODY = YES;
				CLANG_WARN_ENUM_CONVERSION = YES;
				CLANG_WARN_INFINITE_RECURSION = YES;
				CLANG_WARN_INT_CONVERSION = YES;
				CLANG_WARN_NON_LITERAL_NULL_CONVERSION = YES;
				CLANG_WARN_OBJC_IMPLICIT_RETAIN_SELF = YES;
				CLANG_WARN_OBJC_LITERAL_CONVERSION = YES;
				CLANG_WARN_OBJC_ROOT_CLASS = YES_ERROR;
				CLANG_WARN_QUOTED_INCLUDE_IN_FRAMEWORK_HEADER = YES;
				CLANG_WARN_RANGE_LOOP_ANALYSIS = YES;
				CLANG_WARN_STRICT_PROTOTYPES = YES;
				CLANG_WARN_SUSPICIOUS_MOVE = YES;
				CLANG_WARN_UNGUARDED_AVAILABILITY = YES_AGGRESSIVE;
				CLANG_WARN_UNREACHABLE_CODE = YES;
				CLANG_WARN__DUPLICATE_METHOD_MATCH = YES;
				COPY_PHASE_STRIP = NO;
				DEBUG_INFORMATION_FORMAT = dwarf;
				ENABLE_STRICT_OBJC_MSGSEND = YES;
				ENABLE_TESTABILITY = YES;
				GCC_C_LANGUAGE_STANDARD = gnu11;
				GCC_DYNAMIC_NO_PIC = NO;
				GCC_NO_COMMON_BLOCKS = YES;
				GCC_OPTIMIZATION_LEVEL = 0;
				GCC_PREPROCESSOR_DEFINITIONS = (
					"DEBUG=1",
					"$(inherited)",
				);
				GCC_WARN_64_TO_32_BIT_CONVERSION = YES;
				GCC_WARN_ABOUT_RETURN_TYPE = YES_ERROR;
				GCC_WARN_UNDECLARED_SELECTOR = YES;
				GCC_WARN_UNINITIALIZED_AUTOS = YES_AGGRESSIVE;
				GCC_WARN_UNUSED_FUNCTION = YES;
				GCC_WARN_UNUSED_VARIABLE = YES;
				IPHONEOS_DEPLOYMENT_TARGET = 14.4;
				MTL_ENABLE_DEBUG_INFO = INCLUDE_SOURCE;
				MTL_FAST_MATH = YES;
				ONLY_ACTIVE_ARCH = YES;
				SDKROOT = iphoneos;
				SWIFT_ACTIVE_COMPILATION_CONDITIONS = DEBUG;
				SWIFT_OPTIMIZATION_LEVEL = "-Onone";
			};
			name = Debug;
		};
		A2B9486D278EE1B20099A526 /* Release */ = {
			isa = XCBuildConfiguration;
			buildSettings = {
				ALWAYS_SEARCH_USER_PATHS = NO;
				CLANG_ANALYZER_NONNULL = YES;
				CLANG_ANALYZER_NUMBER_OBJECT_CONVERSION = YES_AGGRESSIVE;
				CLANG_CXX_LANGUAGE_STANDARD = "gnu++14";
				CLANG_CXX_LIBRARY = "libc++";
				CLANG_ENABLE_MODULES = YES;
				CLANG_ENABLE_OBJC_ARC = YES;
				CLANG_ENABLE_OBJC_WEAK = YES;
				CLANG_WARN_BLOCK_CAPTURE_AUTORELEASING = YES;
				CLANG_WARN_BOOL_CONVERSION = YES;
				CLANG_WARN_COMMA = YES;
				CLANG_WARN_CONSTANT_CONVERSION = YES;
				CLANG_WARN_DEPRECATED_OBJC_IMPLEMENTATIONS = YES;
				CLANG_WARN_DIRECT_OBJC_ISA_USAGE = YES_ERROR;
				CLANG_WARN_DOCUMENTATION_COMMENTS = YES;
				CLANG_WARN_EMPTY_BODY = YES;
				CLANG_WARN_ENUM_CONVERSION = YES;
				CLANG_WARN_INFINITE_RECURSION = YES;
				CLANG_WARN_INT_CONVERSION = YES;
				CLANG_WARN_NON_LITERAL_NULL_CONVERSION = YES;
				CLANG_WARN_OBJC_IMPLICIT_RETAIN_SELF = YES;
				CLANG_WARN_OBJC_LITERAL_CONVERSION = YES;
				CLANG_WARN_OBJC_ROOT_CLASS = YES_ERROR;
				CLANG_WARN_QUOTED_INCLUDE_IN_FRAMEWORK_HEADER = YES;
				CLANG_WARN_RANGE_LOOP_ANALYSIS = YES;
				CLANG_WARN_STRICT_PROTOTYPES = YES;
				CLANG_WARN_SUSPICIOUS_MOVE = YES;
				CLANG_WARN_UNGUARDED_AVAILABILITY = YES_AGGRESSIVE;
				CLANG_WARN_UNREACHABLE_CODE = YES;
				CLANG_WARN__DUPLICATE_METHOD_MATCH = YES;
				COPY_PHASE_STRIP = NO;
				DEBUG_INFORMATION_FORMAT = "dwarf-with-dsym";
				ENABLE_NS_ASSERTIONS = NO;
				ENABLE_STRICT_OBJC_MSGSEND = YES;
				GCC_C_LANGUAGE_STANDARD = gnu11;
				GCC_NO_COMMON_BLOCKS = YES;
				GCC_WARN_64_TO_32_BIT_CONVERSION = YES;
				GCC_WARN_ABOUT_RETURN_TYPE = YES_ERROR;
				GCC_WARN_UNDECLARED_SELECTOR = YES;
				GCC_WARN_UNINITIALIZED_AUTOS = YES_AGGRESSIVE;
				GCC_WARN_UNUSED_FUNCTION = YES;
				GCC_WARN_UNUSED_VARIABLE = YES;
				IPHONEOS_DEPLOYMENT_TARGET = 14.4;
				MTL_ENABLE_DEBUG_INFO = NO;
				MTL_FAST_MATH = YES;
				SDKROOT = iphoneos;
				SWIFT_COMPILATION_MODE = wholemodule;
				SWIFT_OPTIMIZATION_LEVEL = "-O";
				VALIDATE_PRODUCT = YES;
			};
			name = Release;
		};
		A2B9486F278EE1B20099A526 /* Debug */ = {
			isa = XCBuildConfiguration;
			buildSettings = {
				ASSETCATALOG_COMPILER_APPICON_NAME = AppIcon;
				ASSETCATALOG_COMPILER_GLOBAL_ACCENT_COLOR_NAME = AccentColor;
				CODE_SIGN_STYLE = Automatic;
				INFOPLIST_FILE = App2/Info.plist;
				LD_RUNPATH_SEARCH_PATHS = (
					"$(inherited)",
					"@executable_path/Frameworks",
				);
				PRODUCT_BUNDLE_IDENTIFIER = "u-tad.App2";
				PRODUCT_NAME = "$(TARGET_NAME)";
				SWIFT_VERSION = 5.0;
				TARGETED_DEVICE_FAMILY = "1,2";
			};
			name = Debug;
		};
		A2B94870278EE1B20099A526 /* Release */ = {
			isa = XCBuildConfiguration;
			buildSettings = {
				ASSETCATALOG_COMPILER_APPICON_NAME = AppIcon;
				ASSETCATALOG_COMPILER_GLOBAL_ACCENT_COLOR_NAME = AccentColor;
				CODE_SIGN_STYLE = Automatic;
				INFOPLIST_FILE = App2/Info.plist;
				LD_RUNPATH_SEARCH_PATHS = (
					"$(inherited)",
					"@executable_path/Frameworks",
				);
				PRODUCT_BUNDLE_IDENTIFIER = "u-tad.App2";
				PRODUCT_NAME = "$(TARGET_NAME)";
				SWIFT_VERSION = 5.0;
				TARGETED_DEVICE_FAMILY = "1,2";
			};
			name = Release;
		};
/* End XCBuildConfiguration section */

/* Begin XCConfigurationList section */
		A2B94855278EE1B00099A526 /* Build configuration list for PBXProject "App2" */ = {
			isa = XCConfigurationList;
			buildConfigurations = (
				A2B9486C278EE1B20099A526 /* Debug */,
				A2B9486D278EE1B20099A526 /* Release */,
			);
			defaultConfigurationIsVisible = 0;
			defaultConfigurationName = Release;
		};
		A2B9486E278EE1B20099A526 /* Build configuration list for PBXNativeTarget "App2" */ = {
			isa = XCConfigurationList;
			buildConfigurations = (
				A2B9486F278EE1B20099A526 /* Debug */,
				A2B94870278EE1B20099A526 /* Release */,
			);
			defaultConfigurationIsVisible = 0;
			defaultConfigurationName = Release;
		};
/* End XCConfigurationList section */

/* Begin XCVersionGroup section */
		39DE9E4327DA8F9E0067C94A /* Model.xcdatamodeld */ = {
			isa = XCVersionGroup;
			children = (
				39DE9E4427DA8F9E0067C94A /* Model.xcdatamodel */,
			);
			currentVersion = 39DE9E4427DA8F9E0067C94A /* Model.xcdatamodel */;
			path = Model.xcdatamodeld;
			sourceTree = "<group>";
			versionGroupType = wrapper.xcdatamodel;
		};
/* End XCVersionGroup section */
	};
	rootObject = A2B94852278EE1B00099A526 /* Project object */;
}
